
Microsoft Visual Studio Solution File, Format Version 12.00
# Visual Studio Version 16
VisualStudioVersion = 16.0.33920.266
MinimumVisualStudioVersion = 10.0.40219.1
Project("{FAE04EC0-301F-11D3-BF4B-00C04F79EFBC}") = "Cep", "Cep\Cep.csproj", "{798585E9-CFAF-42A7-AF79-A7BECBF60BCB}"
EndProject
Global
	GlobalSection(SolutionConfigurationPlatforms) = preSolution
		Debug|Any CPU = Debug|Any CPU
		Release|Any CPU = Release|Any CPU
	EndGlobalSection
	GlobalSection(ProjectConfigurationPlatforms) = postSolution
		{798585E9-CFAF-42A7-AF79-A7BECBF60BCB}.Debug|Any CPU.ActiveCfg = Debug|Any CPU
		{798585E9-CFAF-42A7-AF79-A7BECBF60BCB}.Debug|Any CPU.Build.0 = Debug|Any CPU
		{798585E9-CFAF-42A7-AF79-A7BECBF60BCB}.Release|Any CPU.ActiveCfg = Release|Any CPU
		{798585E9-CFAF-42A7-AF79-A7BECBF60BCB}.Release|Any CPU.Build.0 = Release|Any CPU
	EndGlobalSection
	GlobalSection(SolutionProperties) = preSolution
		HideSolutionNode = FALSE
	EndGlobalSection
	GlobalSection(ExtensibilityGlobals) = postSolution
		SolutionGuid = {3B86B784-E72C-45D8-9BC6-B7D420ABD4F4}
	EndGlobalSection
EndGlobal
